// !$*UTF8*$!
{
	archiveVersion = 1;
	classes = {
	};
	objectVersion = 56;
	objects = {

/* Begin PBXBuildFile section */
		0A0F18332B7D1B4C00EE8168 /* ReceiveView.swift in Sources */ = {isa = PBXBuildFile; fileRef = 0A0F18322B7D1B4C00EE8168 /* ReceiveView.swift */; };
		0A0F18352B7D204600EE8168 /* StreamManager.swift in Sources */ = {isa = PBXBuildFile; fileRef = 0A0F18342B7D204600EE8168 /* StreamManager.swift */; };
		0A0F18372B7D3DC100EE8168 /* NostrResponse.swift in Sources */ = {isa = PBXBuildFile; fileRef = 0A0F18362B7D3DC100EE8168 /* NostrResponse.swift */; };
		0A0F18392B7D3DDC00EE8168 /* NostrEvent.swift in Sources */ = {isa = PBXBuildFile; fileRef = 0A0F18382B7D3DDC00EE8168 /* NostrEvent.swift */; };
		0A0F183B2B7D417A00EE8168 /* KeyChain.swift in Sources */ = {isa = PBXBuildFile; fileRef = 0A0F183A2B7D417A00EE8168 /* KeyChain.swift */; };
		0A0F18412B92BA7100EE8168 /* LibWally.xcframework in Frameworks */ = {isa = PBXBuildFile; fileRef = 0A0F183F2B92BA3C00EE8168 /* LibWally.xcframework */; };
		0A0F18422B92BA7100EE8168 /* LibWally.xcframework in Embed Frameworks */ = {isa = PBXBuildFile; fileRef = 0A0F183F2B92BA3C00EE8168 /* LibWally.xcframework */; settings = {ATTRIBUTES = (CodeSignOnCopy, RemoveHeadersOnCopy, ); }; };
		0A0F184B2B954B8000EE8168 /* Errors.swift in Sources */ = {isa = PBXBuildFile; fileRef = 0A0F184A2B954B8000EE8168 /* Errors.swift */; };
		0A0F184D2B954CF500EE8168 /* Messages.swift in Sources */ = {isa = PBXBuildFile; fileRef = 0A0F184C2B954CF500EE8168 /* Messages.swift */; };
		0A0F18502BA002FB00EE8168 /* NostrFilter.swift in Sources */ = {isa = PBXBuildFile; fileRef = 0A0F184F2BA002FB00EE8168 /* NostrFilter.swift */; };
		0A0F18642BA012BE00EE8168 /* Bech32.swift in Sources */ = {isa = PBXBuildFile; fileRef = 0A0F18632BA012BE00EE8168 /* Bech32.swift */; };
		0A0F18662BA125EA00EE8168 /* Nip4Encryption.swift in Sources */ = {isa = PBXBuildFile; fileRef = 0A0F18652BA125EA00EE8168 /* Nip4Encryption.swift */; };
		0A0F188C2BA3F68500EE8168 /* NostrSDK in Frameworks */ = {isa = PBXBuildFile; productRef = 0A0F188B2BA3F68500EE8168 /* NostrSDK */; };
		0A0F188E2BA97CD800EE8168 /* Invoice.swift in Sources */ = {isa = PBXBuildFile; fileRef = 0A0F188D2BA97CD800EE8168 /* Invoice.swift */; };
		0A0F18A12BAC95DE00EE8168 /* SwiftUICoreImage in Frameworks */ = {isa = PBXBuildFile; productRef = 0A0F18A02BAC95DE00EE8168 /* SwiftUICoreImage */; };
		0A0F18AB2BD2B1C700EE8168 /* AVCaptureDevice+bestForBuiltInCamera.swift in Sources */ = {isa = PBXBuildFile; fileRef = 0A0F18A72BD2B1C700EE8168 /* AVCaptureDevice+bestForBuiltInCamera.swift */; };
		0A0F18AD2BD2B1C700EE8168 /* ScannerViewController.swift in Sources */ = {isa = PBXBuildFile; fileRef = 0A0F18A92BD2B1C700EE8168 /* ScannerViewController.swift */; };
		0A0F18AE2BD2B1C700EE8168 /* CodeScanner.swift in Sources */ = {isa = PBXBuildFile; fileRef = 0A0F18AA2BD2B1C700EE8168 /* CodeScanner.swift */; };
		0A206C532B7BE58000BDBFE1 /* Utxo.swift in Sources */ = {isa = PBXBuildFile; fileRef = 0A206C522B7BE58000BDBFE1 /* Utxo.swift */; };
		0A56E3382B792C6900CEC00A /* Pay_JoinApp.swift in Sources */ = {isa = PBXBuildFile; fileRef = 0A56E3372B792C6900CEC00A /* Pay_JoinApp.swift */; };
		0A56E33A2B792C6900CEC00A /* HomeView.swift in Sources */ = {isa = PBXBuildFile; fileRef = 0A56E3392B792C6900CEC00A /* HomeView.swift */; };
		0A56E33C2B792C6C00CEC00A /* Assets.xcassets in Resources */ = {isa = PBXBuildFile; fileRef = 0A56E33B2B792C6C00CEC00A /* Assets.xcassets */; };
		0A56E33F2B792C6C00CEC00A /* Preview Assets.xcassets in Resources */ = {isa = PBXBuildFile; fileRef = 0A56E33E2B792C6C00CEC00A /* Preview Assets.xcassets */; };
		0A56E3442B792C6C00CEC00A /* Pay_Join.xcdatamodeld in Sources */ = {isa = PBXBuildFile; fileRef = 0A56E3422B792C6C00CEC00A /* Pay_Join.xcdatamodeld */; };
		0A56E34B2B794AC700CEC00A /* DataManager.swift in Sources */ = {isa = PBXBuildFile; fileRef = 0A56E34A2B794AC700CEC00A /* DataManager.swift */; };
		0A56E34D2B795B5700CEC00A /* BitcoinCoreRPC.swift in Sources */ = {isa = PBXBuildFile; fileRef = 0A56E34C2B795B5700CEC00A /* BitcoinCoreRPC.swift */; };
		0A56E34F2B795BC600CEC00A /* Crypto.swift in Sources */ = {isa = PBXBuildFile; fileRef = 0A56E34E2B795BC600CEC00A /* Crypto.swift */; };
		0A56E3592B79760500CEC00A /* RPCAuth.swift in Sources */ = {isa = PBXBuildFile; fileRef = 0A56E3582B79760500CEC00A /* RPCAuth.swift */; };
		0A56E35B2B79769B00CEC00A /* Extensions.swift in Sources */ = {isa = PBXBuildFile; fileRef = 0A56E35A2B79769B00CEC00A /* Extensions.swift */; };
		0A56E3682B7BACA200CEC00A /* Commands.swift in Sources */ = {isa = PBXBuildFile; fileRef = 0A56E3672B7BACA200CEC00A /* Commands.swift */; };
		0A56E36A2B7BAD5500CEC00A /* RPCParams.swift in Sources */ = {isa = PBXBuildFile; fileRef = 0A56E3692B7BAD5500CEC00A /* RPCParams.swift */; };
		0A56E36C2B7BC74000CEC00A /* SendView.swift in Sources */ = {isa = PBXBuildFile; fileRef = 0A56E36B2B7BC73F00CEC00A /* SendView.swift */; };
		0A56E36E2B7BC7AD00CEC00A /* ConfigView.swift in Sources */ = {isa = PBXBuildFile; fileRef = 0A56E36D2B7BC7AD00CEC00A /* ConfigView.swift */; };
		0A56E3702B7BC9E400CEC00A /* RPCPort.swift in Sources */ = {isa = PBXBuildFile; fileRef = 0A56E36F2B7BC9E400CEC00A /* RPCPort.swift */; };
		0A6A83E02BD95D8000A6546A /* Signer.swift in Sources */ = {isa = PBXBuildFile; fileRef = 0A6A83DF2BD95D8000A6546A /* Signer.swift */; };
		0A6A83E22BD95E8700A6546A /* SignerStruct.swift in Sources */ = {isa = PBXBuildFile; fileRef = 0A6A83E12BD95E8700A6546A /* SignerStruct.swift */; };
		0A6A83E42BDBFD6900A6546A /* DecodedPsbt.swift in Sources */ = {isa = PBXBuildFile; fileRef = 0A6A83E32BDBFD6900A6546A /* DecodedPsbt.swift */; };
/* End PBXBuildFile section */

/* Begin PBXCopyFilesBuildPhase section */
		0A0F18432B92BA7100EE8168 /* Embed Frameworks */ = {
			isa = PBXCopyFilesBuildPhase;
			buildActionMask = 2147483647;
			dstPath = "";
			dstSubfolderSpec = 10;
			files = (
				0A0F18422B92BA7100EE8168 /* LibWally.xcframework in Embed Frameworks */,
			);
			name = "Embed Frameworks";
			runOnlyForDeploymentPostprocessing = 0;
		};
/* End PBXCopyFilesBuildPhase section */

/* Begin PBXFileReference section */
		0A0F18322B7D1B4C00EE8168 /* ReceiveView.swift */ = {isa = PBXFileReference; lastKnownFileType = sourcecode.swift; path = ReceiveView.swift; sourceTree = "<group>"; };
		0A0F18342B7D204600EE8168 /* StreamManager.swift */ = {isa = PBXFileReference; lastKnownFileType = sourcecode.swift; path = StreamManager.swift; sourceTree = "<group>"; };
		0A0F18362B7D3DC100EE8168 /* NostrResponse.swift */ = {isa = PBXFileReference; lastKnownFileType = sourcecode.swift; path = NostrResponse.swift; sourceTree = "<group>"; };
		0A0F18382B7D3DDC00EE8168 /* NostrEvent.swift */ = {isa = PBXFileReference; lastKnownFileType = sourcecode.swift; path = NostrEvent.swift; sourceTree = "<group>"; };
		0A0F183A2B7D417A00EE8168 /* KeyChain.swift */ = {isa = PBXFileReference; lastKnownFileType = sourcecode.swift; path = KeyChain.swift; sourceTree = "<group>"; };
		0A0F183F2B92BA3C00EE8168 /* LibWally.xcframework */ = {isa = PBXFileReference; lastKnownFileType = wrapper.xcframework; path = LibWally.xcframework; sourceTree = SOURCE_ROOT; };
		0A0F184A2B954B8000EE8168 /* Errors.swift */ = {isa = PBXFileReference; lastKnownFileType = sourcecode.swift; path = Errors.swift; sourceTree = "<group>"; };
		0A0F184C2B954CF500EE8168 /* Messages.swift */ = {isa = PBXFileReference; lastKnownFileType = sourcecode.swift; path = Messages.swift; sourceTree = "<group>"; };
		0A0F184E2B9575E900EE8168 /* README.md */ = {isa = PBXFileReference; lastKnownFileType = net.daringfireball.markdown; path = README.md; sourceTree = "<group>"; };
		0A0F184F2BA002FB00EE8168 /* NostrFilter.swift */ = {isa = PBXFileReference; lastKnownFileType = sourcecode.swift; path = NostrFilter.swift; sourceTree = "<group>"; };
		0A0F18632BA012BE00EE8168 /* Bech32.swift */ = {isa = PBXFileReference; lastKnownFileType = sourcecode.swift; path = Bech32.swift; sourceTree = "<group>"; };
		0A0F18652BA125EA00EE8168 /* Nip4Encryption.swift */ = {isa = PBXFileReference; lastKnownFileType = sourcecode.swift; path = Nip4Encryption.swift; sourceTree = "<group>"; };
		0A0F188D2BA97CD800EE8168 /* Invoice.swift */ = {isa = PBXFileReference; lastKnownFileType = sourcecode.swift; path = Invoice.swift; sourceTree = "<group>"; };
		0A0F18A72BD2B1C700EE8168 /* AVCaptureDevice+bestForBuiltInCamera.swift */ = {isa = PBXFileReference; fileEncoding = 4; lastKnownFileType = sourcecode.swift; path = "AVCaptureDevice+bestForBuiltInCamera.swift"; sourceTree = "<group>"; };
		0A0F18A92BD2B1C700EE8168 /* ScannerViewController.swift */ = {isa = PBXFileReference; fileEncoding = 4; lastKnownFileType = sourcecode.swift; path = ScannerViewController.swift; sourceTree = "<group>"; };
		0A0F18AA2BD2B1C700EE8168 /* CodeScanner.swift */ = {isa = PBXFileReference; fileEncoding = 4; lastKnownFileType = sourcecode.swift; path = CodeScanner.swift; sourceTree = "<group>"; };
		0A206C522B7BE58000BDBFE1 /* Utxo.swift */ = {isa = PBXFileReference; lastKnownFileType = sourcecode.swift; path = Utxo.swift; sourceTree = "<group>"; };
		0A56E3342B792C6900CEC00A /* Pay Join.app */ = {isa = PBXFileReference; explicitFileType = wrapper.application; includeInIndex = 0; path = "Pay Join.app"; sourceTree = BUILT_PRODUCTS_DIR; };
		0A56E3372B792C6900CEC00A /* Pay_JoinApp.swift */ = {isa = PBXFileReference; lastKnownFileType = sourcecode.swift; path = Pay_JoinApp.swift; sourceTree = "<group>"; };
		0A56E3392B792C6900CEC00A /* HomeView.swift */ = {isa = PBXFileReference; lastKnownFileType = sourcecode.swift; path = HomeView.swift; sourceTree = "<group>"; };
		0A56E33B2B792C6C00CEC00A /* Assets.xcassets */ = {isa = PBXFileReference; lastKnownFileType = folder.assetcatalog; path = Assets.xcassets; sourceTree = "<group>"; };
		0A56E33E2B792C6C00CEC00A /* Preview Assets.xcassets */ = {isa = PBXFileReference; lastKnownFileType = folder.assetcatalog; path = "Preview Assets.xcassets"; sourceTree = "<group>"; };
		0A56E3432B792C6C00CEC00A /* Pay_Join.xcdatamodel */ = {isa = PBXFileReference; lastKnownFileType = wrapper.xcdatamodel; path = Pay_Join.xcdatamodel; sourceTree = "<group>"; };
		0A56E34A2B794AC700CEC00A /* DataManager.swift */ = {isa = PBXFileReference; lastKnownFileType = sourcecode.swift; path = DataManager.swift; sourceTree = "<group>"; };
		0A56E34C2B795B5700CEC00A /* BitcoinCoreRPC.swift */ = {isa = PBXFileReference; lastKnownFileType = sourcecode.swift; path = BitcoinCoreRPC.swift; sourceTree = "<group>"; };
		0A56E34E2B795BC600CEC00A /* Crypto.swift */ = {isa = PBXFileReference; lastKnownFileType = sourcecode.swift; path = Crypto.swift; sourceTree = "<group>"; };
		0A56E3582B79760500CEC00A /* RPCAuth.swift */ = {isa = PBXFileReference; lastKnownFileType = sourcecode.swift; path = RPCAuth.swift; sourceTree = "<group>"; };
		0A56E35A2B79769B00CEC00A /* Extensions.swift */ = {isa = PBXFileReference; lastKnownFileType = sourcecode.swift; path = Extensions.swift; sourceTree = "<group>"; };
		0A56E3672B7BACA200CEC00A /* Commands.swift */ = {isa = PBXFileReference; lastKnownFileType = sourcecode.swift; path = Commands.swift; sourceTree = "<group>"; };
		0A56E3692B7BAD5500CEC00A /* RPCParams.swift */ = {isa = PBXFileReference; lastKnownFileType = sourcecode.swift; path = RPCParams.swift; sourceTree = "<group>"; };
		0A56E36B2B7BC73F00CEC00A /* SendView.swift */ = {isa = PBXFileReference; lastKnownFileType = sourcecode.swift; path = SendView.swift; sourceTree = "<group>"; };
		0A56E36D2B7BC7AD00CEC00A /* ConfigView.swift */ = {isa = PBXFileReference; lastKnownFileType = sourcecode.swift; path = ConfigView.swift; sourceTree = "<group>"; };
		0A56E36F2B7BC9E400CEC00A /* RPCPort.swift */ = {isa = PBXFileReference; lastKnownFileType = sourcecode.swift; path = RPCPort.swift; sourceTree = "<group>"; };
		0A6A83DF2BD95D8000A6546A /* Signer.swift */ = {isa = PBXFileReference; lastKnownFileType = sourcecode.swift; path = Signer.swift; sourceTree = "<group>"; };
		0A6A83E12BD95E8700A6546A /* SignerStruct.swift */ = {isa = PBXFileReference; lastKnownFileType = sourcecode.swift; path = SignerStruct.swift; sourceTree = "<group>"; };
		0A6A83E32BDBFD6900A6546A /* DecodedPsbt.swift */ = {isa = PBXFileReference; lastKnownFileType = sourcecode.swift; path = DecodedPsbt.swift; sourceTree = "<group>"; };
/* End PBXFileReference section */

/* Begin PBXFrameworksBuildPhase section */
		0A56E3312B792C6900CEC00A /* Frameworks */ = {
			isa = PBXFrameworksBuildPhase;
			buildActionMask = 2147483647;
			files = (
				0A0F18412B92BA7100EE8168 /* LibWally.xcframework in Frameworks */,
				0A0F188C2BA3F68500EE8168 /* NostrSDK in Frameworks */,
				0A0F18A12BAC95DE00EE8168 /* SwiftUICoreImage in Frameworks */,
			);
			runOnlyForDeploymentPostprocessing = 0;
		};
/* End PBXFrameworksBuildPhase section */

/* Begin PBXGroup section */
		0A0F183E2B92B46F00EE8168 /* Views */ = {
			isa = PBXGroup;
			children = (
				0A56E3392B792C6900CEC00A /* HomeView.swift */,
				0A56E36B2B7BC73F00CEC00A /* SendView.swift */,
				0A56E36D2B7BC7AD00CEC00A /* ConfigView.swift */,
				0A0F18322B7D1B4C00EE8168 /* ReceiveView.swift */,
			);
			path = Views;
			sourceTree = "<group>";
		};
		0A0F18442B92BCB600EE8168 /* Nostr */ = {
			isa = PBXGroup;
			children = (
				0A0F18342B7D204600EE8168 /* StreamManager.swift */,
				0A0F18362B7D3DC100EE8168 /* NostrResponse.swift */,
				0A0F18382B7D3DDC00EE8168 /* NostrEvent.swift */,
				0A0F184F2BA002FB00EE8168 /* NostrFilter.swift */,
				0A0F18632BA012BE00EE8168 /* Bech32.swift */,
				0A0F18652BA125EA00EE8168 /* Nip4Encryption.swift */,
			);
			path = Nostr;
			sourceTree = "<group>";
		};
		0A0F18452B92BCD700EE8168 /* Objects */ = {
			isa = PBXGroup;
			children = (
				0A56E36F2B7BC9E400CEC00A /* RPCPort.swift */,
				0A206C522B7BE58000BDBFE1 /* Utxo.swift */,
				0A0F184A2B954B8000EE8168 /* Errors.swift */,
				0A0F184C2B954CF500EE8168 /* Messages.swift */,
				0A0F188D2BA97CD800EE8168 /* Invoice.swift */,
				0A6A83E12BD95E8700A6546A /* SignerStruct.swift */,
				0A6A83E32BDBFD6900A6546A /* DecodedPsbt.swift */,
			);
			path = Objects;
			sourceTree = "<group>";
		};
		0A0F18462B92BCF200EE8168 /* BitcoinCore */ = {
			isa = PBXGroup;
			children = (
				0A56E3582B79760500CEC00A /* RPCAuth.swift */,
				0A56E34C2B795B5700CEC00A /* BitcoinCoreRPC.swift */,
				0A56E3672B7BACA200CEC00A /* Commands.swift */,
				0A56E3692B7BAD5500CEC00A /* RPCParams.swift */,
			);
			path = BitcoinCore;
			sourceTree = "<group>";
		};
		0A0F18472B92BD0800EE8168 /* CoreData */ = {
			isa = PBXGroup;
			children = (
				0A56E34A2B794AC700CEC00A /* DataManager.swift */,
			);
			path = CoreData;
			sourceTree = "<group>";
		};
		0A0F18AF2BD2B1D100EE8168 /* CodeScanner */ = {
			isa = PBXGroup;
			children = (
				0A0F18A72BD2B1C700EE8168 /* AVCaptureDevice+bestForBuiltInCamera.swift */,
				0A0F18AA2BD2B1C700EE8168 /* CodeScanner.swift */,
				0A0F18A92BD2B1C700EE8168 /* ScannerViewController.swift */,
			);
			path = CodeScanner;
			sourceTree = "<group>";
		};
		0A56E32B2B792C6900CEC00A = {
			isa = PBXGroup;
			children = (
				0A0F184E2B9575E900EE8168 /* README.md */,
				0A56E3362B792C6900CEC00A /* Pay Join */,
				0A56E3352B792C6900CEC00A /* Products */,
			);
			sourceTree = "<group>";
		};
		0A56E3352B792C6900CEC00A /* Products */ = {
			isa = PBXGroup;
			children = (
				0A56E3342B792C6900CEC00A /* Pay Join.app */,
			);
			name = Products;
			sourceTree = "<group>";
		};
		0A56E3362B792C6900CEC00A /* Pay Join */ = {
			isa = PBXGroup;
			children = (
				0A0F183F2B92BA3C00EE8168 /* LibWally.xcframework */,
				0A0F18AF2BD2B1D100EE8168 /* CodeScanner */,
				0A56E3372B792C6900CEC00A /* Pay_JoinApp.swift */,
				0A56E33B2B792C6C00CEC00A /* Assets.xcassets */,
				0A56E3422B792C6C00CEC00A /* Pay_Join.xcdatamodeld */,
				0A56E33D2B792C6C00CEC00A /* Preview Content */,
				0A0F18472B92BD0800EE8168 /* CoreData */,
				0A0F18462B92BCF200EE8168 /* BitcoinCore */,
				0A56E34E2B795BC600CEC00A /* Crypto.swift */,
				0A56E35A2B79769B00CEC00A /* Extensions.swift */,
				0A0F183E2B92B46F00EE8168 /* Views */,
				0A0F18452B92BCD700EE8168 /* Objects */,
				0A0F18442B92BCB600EE8168 /* Nostr */,
				0A0F183A2B7D417A00EE8168 /* KeyChain.swift */,
				0A6A83DF2BD95D8000A6546A /* Signer.swift */,
			);
			path = "Pay Join";
			sourceTree = "<group>";
		};
		0A56E33D2B792C6C00CEC00A /* Preview Content */ = {
			isa = PBXGroup;
			children = (
				0A56E33E2B792C6C00CEC00A /* Preview Assets.xcassets */,
			);
			path = "Preview Content";
			sourceTree = "<group>";
		};
/* End PBXGroup section */

/* Begin PBXNativeTarget section */
		0A56E3332B792C6900CEC00A /* Pay Join */ = {
			isa = PBXNativeTarget;
			buildConfigurationList = 0A56E3472B792C6C00CEC00A /* Build configuration list for PBXNativeTarget "Pay Join" */;
			buildPhases = (
				0A56E3302B792C6900CEC00A /* Sources */,
				0A56E3312B792C6900CEC00A /* Frameworks */,
				0A56E3322B792C6900CEC00A /* Resources */,
				0A0F18432B92BA7100EE8168 /* Embed Frameworks */,
			);
			buildRules = (
			);
			dependencies = (
			);
			name = "Pay Join";
			packageProductDependencies = (
				0A0F188B2BA3F68500EE8168 /* NostrSDK */,
				0A0F18A02BAC95DE00EE8168 /* SwiftUICoreImage */,
			);
			productName = "Pay Join";
			productReference = 0A56E3342B792C6900CEC00A /* Pay Join.app */;
			productType = "com.apple.product-type.application";
		};
/* End PBXNativeTarget section */

/* Begin PBXProject section */
		0A56E32C2B792C6900CEC00A /* Project object */ = {
			isa = PBXProject;
			attributes = {
				BuildIndependentTargetsInParallel = 1;
				LastSwiftUpdateCheck = 1500;
				LastUpgradeCheck = 1500;
				TargetAttributes = {
					0A56E3332B792C6900CEC00A = {
						CreatedOnToolsVersion = 15.0.1;
					};
				};
			};
			buildConfigurationList = 0A56E32F2B792C6900CEC00A /* Build configuration list for PBXProject "Pay Join" */;
			compatibilityVersion = "Xcode 14.0";
			developmentRegion = en;
			hasScannedForEncodings = 0;
			knownRegions = (
				en,
				Base,
			);
			mainGroup = 0A56E32B2B792C6900CEC00A;
			packageReferences = (
				0A0F188A2BA3F68500EE8168 /* XCRemoteSwiftPackageReference "nostr-sdk-ios" */,
				0A0F189F2BAC95DE00EE8168 /* XCRemoteSwiftPackageReference "SwiftUICoreImage" */,
			);
			productRefGroup = 0A56E3352B792C6900CEC00A /* Products */;
			projectDirPath = "";
			projectRoot = "";
			targets = (
				0A56E3332B792C6900CEC00A /* Pay Join */,
			);
		};
/* End PBXProject section */

/* Begin PBXResourcesBuildPhase section */
		0A56E3322B792C6900CEC00A /* Resources */ = {
			isa = PBXResourcesBuildPhase;
			buildActionMask = 2147483647;
			files = (
				0A56E33F2B792C6C00CEC00A /* Preview Assets.xcassets in Resources */,
				0A56E33C2B792C6C00CEC00A /* Assets.xcassets in Resources */,
			);
			runOnlyForDeploymentPostprocessing = 0;
		};
/* End PBXResourcesBuildPhase section */

/* Begin PBXSourcesBuildPhase section */
		0A56E3302B792C6900CEC00A /* Sources */ = {
			isa = PBXSourcesBuildPhase;
			buildActionMask = 2147483647;
			files = (
				0A0F18642BA012BE00EE8168 /* Bech32.swift in Sources */,
				0A0F18AE2BD2B1C700EE8168 /* CodeScanner.swift in Sources */,
				0A6A83E42BDBFD6900A6546A /* DecodedPsbt.swift in Sources */,
				0A56E36E2B7BC7AD00CEC00A /* ConfigView.swift in Sources */,
				0A56E35B2B79769B00CEC00A /* Extensions.swift in Sources */,
				0A0F18372B7D3DC100EE8168 /* NostrResponse.swift in Sources */,
				0A56E36A2B7BAD5500CEC00A /* RPCParams.swift in Sources */,
				0A6A83E02BD95D8000A6546A /* Signer.swift in Sources */,
				0A0F18502BA002FB00EE8168 /* NostrFilter.swift in Sources */,
				0A56E3682B7BACA200CEC00A /* Commands.swift in Sources */,
				0A56E34D2B795B5700CEC00A /* BitcoinCoreRPC.swift in Sources */,
				0A0F18AB2BD2B1C700EE8168 /* AVCaptureDevice+bestForBuiltInCamera.swift in Sources */,
				0A0F18352B7D204600EE8168 /* StreamManager.swift in Sources */,
				0A56E34B2B794AC700CEC00A /* DataManager.swift in Sources */,
				0A56E36C2B7BC74000CEC00A /* SendView.swift in Sources */,
				0A56E33A2B792C6900CEC00A /* HomeView.swift in Sources */,
				0A0F184D2B954CF500EE8168 /* Messages.swift in Sources */,
				0A0F183B2B7D417A00EE8168 /* KeyChain.swift in Sources */,
				0A56E3702B7BC9E400CEC00A /* RPCPort.swift in Sources */,
				0A6A83E22BD95E8700A6546A /* SignerStruct.swift in Sources */,
				0A56E3442B792C6C00CEC00A /* Pay_Join.xcdatamodeld in Sources */,
				0A56E34F2B795BC600CEC00A /* Crypto.swift in Sources */,
				0A56E3382B792C6900CEC00A /* Pay_JoinApp.swift in Sources */,
				0A0F18332B7D1B4C00EE8168 /* ReceiveView.swift in Sources */,
				0A0F184B2B954B8000EE8168 /* Errors.swift in Sources */,
				0A0F188E2BA97CD800EE8168 /* Invoice.swift in Sources */,
				0A0F18AD2BD2B1C700EE8168 /* ScannerViewController.swift in Sources */,
				0A0F18392B7D3DDC00EE8168 /* NostrEvent.swift in Sources */,
				0A0F18662BA125EA00EE8168 /* Nip4Encryption.swift in Sources */,
				0A56E3592B79760500CEC00A /* RPCAuth.swift in Sources */,
				0A206C532B7BE58000BDBFE1 /* Utxo.swift in Sources */,
			);
			runOnlyForDeploymentPostprocessing = 0;
		};
/* End PBXSourcesBuildPhase section */

/* Begin XCBuildConfiguration section */
		0A56E3452B792C6C00CEC00A /* Debug */ = {
			isa = XCBuildConfiguration;
			buildSettings = {
				ALWAYS_SEARCH_USER_PATHS = NO;
				ASSETCATALOG_COMPILER_GENERATE_SWIFT_ASSET_SYMBOL_EXTENSIONS = YES;
				CLANG_ANALYZER_NONNULL = YES;
				CLANG_ANALYZER_NUMBER_OBJECT_CONVERSION = YES_AGGRESSIVE;
				CLANG_CXX_LANGUAGE_STANDARD = "gnu++20";
				CLANG_ENABLE_MODULES = YES;
				CLANG_ENABLE_OBJC_ARC = YES;
				CLANG_ENABLE_OBJC_WEAK = YES;
				CLANG_WARN_BLOCK_CAPTURE_AUTORELEASING = YES;
				CLANG_WARN_BOOL_CONVERSION = YES;
				CLANG_WARN_COMMA = YES;
				CLANG_WARN_CONSTANT_CONVERSION = YES;
				CLANG_WARN_DEPRECATED_OBJC_IMPLEMENTATIONS = YES;
				CLANG_WARN_DIRECT_OBJC_ISA_USAGE = YES_ERROR;
				CLANG_WARN_DOCUMENTATION_COMMENTS = YES;
				CLANG_WARN_EMPTY_BODY = YES;
				CLANG_WARN_ENUM_CONVERSION = YES;
				CLANG_WARN_INFINITE_RECURSION = YES;
				CLANG_WARN_INT_CONVERSION = YES;
				CLANG_WARN_NON_LITERAL_NULL_CONVERSION = YES;
				CLANG_WARN_OBJC_IMPLICIT_RETAIN_SELF = YES;
				CLANG_WARN_OBJC_LITERAL_CONVERSION = YES;
				CLANG_WARN_OBJC_ROOT_CLASS = YES_ERROR;
				CLANG_WARN_QUOTED_INCLUDE_IN_FRAMEWORK_HEADER = YES;
				CLANG_WARN_RANGE_LOOP_ANALYSIS = YES;
				CLANG_WARN_STRICT_PROTOTYPES = YES;
				CLANG_WARN_SUSPICIOUS_MOVE = YES;
				CLANG_WARN_UNGUARDED_AVAILABILITY = YES_AGGRESSIVE;
				CLANG_WARN_UNREACHABLE_CODE = YES;
				CLANG_WARN__DUPLICATE_METHOD_MATCH = YES;
				COPY_PHASE_STRIP = NO;
				DEBUG_INFORMATION_FORMAT = dwarf;
				ENABLE_STRICT_OBJC_MSGSEND = YES;
				ENABLE_TESTABILITY = YES;
				ENABLE_USER_SCRIPT_SANDBOXING = YES;
				GCC_C_LANGUAGE_STANDARD = gnu17;
				GCC_DYNAMIC_NO_PIC = NO;
				GCC_NO_COMMON_BLOCKS = YES;
				GCC_OPTIMIZATION_LEVEL = 0;
				GCC_PREPROCESSOR_DEFINITIONS = (
					"DEBUG=1",
					"$(inherited)",
				);
				GCC_WARN_64_TO_32_BIT_CONVERSION = YES;
				GCC_WARN_ABOUT_RETURN_TYPE = YES_ERROR;
				GCC_WARN_UNDECLARED_SELECTOR = YES;
				GCC_WARN_UNINITIALIZED_AUTOS = YES_AGGRESSIVE;
				GCC_WARN_UNUSED_FUNCTION = YES;
				GCC_WARN_UNUSED_VARIABLE = YES;
				IPHONEOS_DEPLOYMENT_TARGET = 17.0;
				LOCALIZATION_PREFERS_STRING_CATALOGS = YES;
				MTL_ENABLE_DEBUG_INFO = INCLUDE_SOURCE;
				MTL_FAST_MATH = YES;
				ONLY_ACTIVE_ARCH = YES;
				SDKROOT = iphoneos;
				SWIFT_ACTIVE_COMPILATION_CONDITIONS = "DEBUG $(inherited)";
				SWIFT_OPTIMIZATION_LEVEL = "-Onone";
			};
			name = Debug;
		};
		0A56E3462B792C6C00CEC00A /* Release */ = {
			isa = XCBuildConfiguration;
			buildSettings = {
				ALWAYS_SEARCH_USER_PATHS = NO;
				ASSETCATALOG_COMPILER_GENERATE_SWIFT_ASSET_SYMBOL_EXTENSIONS = YES;
				CLANG_ANALYZER_NONNULL = YES;
				CLANG_ANALYZER_NUMBER_OBJECT_CONVERSION = YES_AGGRESSIVE;
				CLANG_CXX_LANGUAGE_STANDARD = "gnu++20";
				CLANG_ENABLE_MODULES = YES;
				CLANG_ENABLE_OBJC_ARC = YES;
				CLANG_ENABLE_OBJC_WEAK = YES;
				CLANG_WARN_BLOCK_CAPTURE_AUTORELEASING = YES;
				CLANG_WARN_BOOL_CONVERSION = YES;
				CLANG_WARN_COMMA = YES;
				CLANG_WARN_CONSTANT_CONVERSION = YES;
				CLANG_WARN_DEPRECATED_OBJC_IMPLEMENTATIONS = YES;
				CLANG_WARN_DIRECT_OBJC_ISA_USAGE = YES_ERROR;
				CLANG_WARN_DOCUMENTATION_COMMENTS = YES;
				CLANG_WARN_EMPTY_BODY = YES;
				CLANG_WARN_ENUM_CONVERSION = YES;
				CLANG_WARN_INFINITE_RECURSION = YES;
				CLANG_WARN_INT_CONVERSION = YES;
				CLANG_WARN_NON_LITERAL_NULL_CONVERSION = YES;
				CLANG_WARN_OBJC_IMPLICIT_RETAIN_SELF = YES;
				CLANG_WARN_OBJC_LITERAL_CONVERSION = YES;
				CLANG_WARN_OBJC_ROOT_CLASS = YES_ERROR;
				CLANG_WARN_QUOTED_INCLUDE_IN_FRAMEWORK_HEADER = YES;
				CLANG_WARN_RANGE_LOOP_ANALYSIS = YES;
				CLANG_WARN_STRICT_PROTOTYPES = YES;
				CLANG_WARN_SUSPICIOUS_MOVE = YES;
				CLANG_WARN_UNGUARDED_AVAILABILITY = YES_AGGRESSIVE;
				CLANG_WARN_UNREACHABLE_CODE = YES;
				CLANG_WARN__DUPLICATE_METHOD_MATCH = YES;
				COPY_PHASE_STRIP = NO;
				DEBUG_INFORMATION_FORMAT = "dwarf-with-dsym";
				ENABLE_NS_ASSERTIONS = NO;
				ENABLE_STRICT_OBJC_MSGSEND = YES;
				ENABLE_USER_SCRIPT_SANDBOXING = YES;
				GCC_C_LANGUAGE_STANDARD = gnu17;
				GCC_NO_COMMON_BLOCKS = YES;
				GCC_WARN_64_TO_32_BIT_CONVERSION = YES;
				GCC_WARN_ABOUT_RETURN_TYPE = YES_ERROR;
				GCC_WARN_UNDECLARED_SELECTOR = YES;
				GCC_WARN_UNINITIALIZED_AUTOS = YES_AGGRESSIVE;
				GCC_WARN_UNUSED_FUNCTION = YES;
				GCC_WARN_UNUSED_VARIABLE = YES;
				IPHONEOS_DEPLOYMENT_TARGET = 17.0;
				LOCALIZATION_PREFERS_STRING_CATALOGS = YES;
				MTL_ENABLE_DEBUG_INFO = NO;
				MTL_FAST_MATH = YES;
				SDKROOT = iphoneos;
				SWIFT_COMPILATION_MODE = wholemodule;
				VALIDATE_PRODUCT = YES;
			};
			name = Release;
		};
		0A56E3482B792C6C00CEC00A /* Debug */ = {
			isa = XCBuildConfiguration;
			buildSettings = {
				ASSETCATALOG_COMPILER_APPICON_NAME = AppIcon;
				ASSETCATALOG_COMPILER_GLOBAL_ACCENT_COLOR_NAME = AccentColor;
				CODE_SIGN_STYLE = Automatic;
				CURRENT_PROJECT_VERSION = 1;
				DEVELOPMENT_ASSET_PATHS = "\"Pay Join/Preview Content\"";
				DEVELOPMENT_TEAM = 8JHDU5M9KD;
				ENABLE_PREVIEWS = YES;
				GCC_NO_COMMON_BLOCKS = YES;
				GENERATE_INFOPLIST_FILE = YES;
				INFOPLIST_KEY_NSCameraUsageDescription = "To scan an invoice in the form of a QR code.";
				INFOPLIST_KEY_UIApplicationSceneManifest_Generation = YES;
				INFOPLIST_KEY_UIApplicationSupportsIndirectInputEvents = YES;
				INFOPLIST_KEY_UILaunchScreen_Generation = YES;
				INFOPLIST_KEY_UISupportedInterfaceOrientations_iPad = "UIInterfaceOrientationPortrait UIInterfaceOrientationPortraitUpsideDown UIInterfaceOrientationLandscapeLeft UIInterfaceOrientationLandscapeRight";
				INFOPLIST_KEY_UISupportedInterfaceOrientations_iPhone = "UIInterfaceOrientationPortrait UIInterfaceOrientationLandscapeLeft UIInterfaceOrientationLandscapeRight";
				LD_RUNPATH_SEARCH_PATHS = (
					"$(inherited)",
					"@executable_path/Frameworks",
				);
				MARKETING_VERSION = 1.0;
				PRODUCT_BUNDLE_IDENTIFIER = "com.dentonllc.Pay-Join";
				PRODUCT_NAME = "$(TARGET_NAME)";
				SUPPORTED_PLATFORMS = "iphoneos iphonesimulator macosx";
				SUPPORTS_MACCATALYST = NO;
				SWIFT_EMIT_LOC_STRINGS = YES;
				SWIFT_VERSION = 5.0;
				TARGETED_DEVICE_FAMILY = "1,2";
			};
			name = Debug;
		};
		0A56E3492B792C6C00CEC00A /* Release */ = {
			isa = XCBuildConfiguration;
			buildSettings = {
				ASSETCATALOG_COMPILER_APPICON_NAME = AppIcon;
				ASSETCATALOG_COMPILER_GLOBAL_ACCENT_COLOR_NAME = AccentColor;
				CODE_SIGN_STYLE = Automatic;
				CURRENT_PROJECT_VERSION = 1;
				DEVELOPMENT_ASSET_PATHS = "\"Pay Join/Preview Content\"";
				DEVELOPMENT_TEAM = 8JHDU5M9KD;
				ENABLE_PREVIEWS = YES;
				GCC_NO_COMMON_BLOCKS = YES;
				GENERATE_INFOPLIST_FILE = YES;
				INFOPLIST_KEY_NSCameraUsageDescription = "To scan an invoice in the form of a QR code.";
				INFOPLIST_KEY_UIApplicationSceneManifest_Generation = YES;
				INFOPLIST_KEY_UIApplicationSupportsIndirectInputEvents = YES;
				INFOPLIST_KEY_UILaunchScreen_Generation = YES;
				INFOPLIST_KEY_UISupportedInterfaceOrientations_iPad = "UIInterfaceOrientationPortrait UIInterfaceOrientationPortraitUpsideDown UIInterfaceOrientationLandscapeLeft UIInterfaceOrientationLandscapeRight";
				INFOPLIST_KEY_UISupportedInterfaceOrientations_iPhone = "UIInterfaceOrientationPortrait UIInterfaceOrientationLandscapeLeft UIInterfaceOrientationLandscapeRight";
				LD_RUNPATH_SEARCH_PATHS = (
					"$(inherited)",
					"@executable_path/Frameworks",
				);
				MARKETING_VERSION = 1.0;
				PRODUCT_BUNDLE_IDENTIFIER = "com.dentonllc.Pay-Join";
				PRODUCT_NAME = "$(TARGET_NAME)";
				SUPPORTED_PLATFORMS = "iphoneos iphonesimulator macosx";
				SUPPORTS_MACCATALYST = NO;
				SWIFT_EMIT_LOC_STRINGS = YES;
				SWIFT_VERSION = 5.0;
				TARGETED_DEVICE_FAMILY = "1,2";
			};
			name = Release;
		};
/* End XCBuildConfiguration section */

/* Begin XCConfigurationList section */
		0A56E32F2B792C6900CEC00A /* Build configuration list for PBXProject "Pay Join" */ = {
			isa = XCConfigurationList;
			buildConfigurations = (
				0A56E3452B792C6C00CEC00A /* Debug */,
				0A56E3462B792C6C00CEC00A /* Release */,
			);
			defaultConfigurationIsVisible = 0;
			defaultConfigurationName = Release;
		};
		0A56E3472B792C6C00CEC00A /* Build configuration list for PBXNativeTarget "Pay Join" */ = {
			isa = XCConfigurationList;
			buildConfigurations = (
				0A56E3482B792C6C00CEC00A /* Debug */,
				0A56E3492B792C6C00CEC00A /* Release */,
			);
			defaultConfigurationIsVisible = 0;
			defaultConfigurationName = Release;
		};
/* End XCConfigurationList section */

/* Begin XCRemoteSwiftPackageReference section */
		0A0F188A2BA3F68500EE8168 /* XCRemoteSwiftPackageReference "nostr-sdk-ios" */ = {
			isa = XCRemoteSwiftPackageReference;
			repositoryURL = "https://github.com/nostr-sdk/nostr-sdk-ios.git";
			requirement = {
				branch = main;
				kind = branch;
			};
		};
		0A0F189F2BAC95DE00EE8168 /* XCRemoteSwiftPackageReference "SwiftUICoreImage" */ = {
			isa = XCRemoteSwiftPackageReference;
			repositoryURL = "https://github.com/danwood/SwiftUICoreImage.git";
			requirement = {
				branch = main;
				kind = branch;
			};
		};
/* End XCRemoteSwiftPackageReference section */

/* Begin XCSwiftPackageProductDependency section */
		0A0F188B2BA3F68500EE8168 /* NostrSDK */ = {
			isa = XCSwiftPackageProductDependency;
			package = 0A0F188A2BA3F68500EE8168 /* XCRemoteSwiftPackageReference "nostr-sdk-ios" */;
			productName = NostrSDK;
		};
		0A0F18A02BAC95DE00EE8168 /* SwiftUICoreImage */ = {
			isa = XCSwiftPackageProductDependency;
			package = 0A0F189F2BAC95DE00EE8168 /* XCRemoteSwiftPackageReference "SwiftUICoreImage" */;
			productName = SwiftUICoreImage;
		};
/* End XCSwiftPackageProductDependency section */

/* Begin XCVersionGroup section */
		0A56E3422B792C6C00CEC00A /* Pay_Join.xcdatamodeld */ = {
			isa = XCVersionGroup;
			children = (
				0A56E3432B792C6C00CEC00A /* Pay_Join.xcdatamodel */,
			);
			currentVersion = 0A56E3432B792C6C00CEC00A /* Pay_Join.xcdatamodel */;
			path = Pay_Join.xcdatamodeld;
			sourceTree = "<group>";
			versionGroupType = wrapper.xcdatamodel;
		};
/* End XCVersionGroup section */
	};
	rootObject = 0A56E32C2B792C6900CEC00A /* Project object */;
}
